
Microsoft Visual Studio Solution File, Format Version 12.00
# Visual Studio Version 17
VisualStudioVersion = 17.9.34728.123
MinimumVisualStudioVersion = 10.0.40219.1
Project("{FAE04EC0-301F-11D3-BF4B-00C04F79EFBC}") = "FastFoodAPI", "FastFoodAPI.csproj", "{8AB431F6-BA49-448D-9A95-B3E5342DEB1E}"
EndProject
Global
	GlobalSection(SolutionConfigurationPlatforms) = preSolution
		Debug|Any CPU = Debug|Any CPU
		Release|Any CPU = Release|Any CPU
	EndGlobalSection
	GlobalSection(ProjectConfigurationPlatforms) = postSolution
		{8AB431F6-BA49-448D-9A95-B3E5342DEB1E}.Debug|Any CPU.ActiveCfg = Debug|Any CPU
		{8AB431F6-BA49-448D-9A95-B3E5342DEB1E}.Debug|Any CPU.Build.0 = Debug|Any CPU
		{8AB431F6-BA49-448D-9A95-B3E5342DEB1E}.Release|Any CPU.ActiveCfg = Release|Any CPU
		{8AB431F6-BA49-448D-9A95-B3E5342DEB1E}.Release|Any CPU.Build.0 = Release|Any CPU
	EndGlobalSection
	GlobalSection(SolutionProperties) = preSolution
		HideSolutionNode = FALSE
	EndGlobalSection
	GlobalSection(ExtensibilityGlobals) = postSolution
		SolutionGuid = {0E9F819C-7659-49A5-A55E-35A7C2B029EC}
	EndGlobalSection
EndGlobal
